// !$*UTF8*$!
{
	archiveVersion = 1;
	classes = {};
	objectVersion = 56;
	objects = {
/* Begin PBXBuildFile section */
		F6CE1813A37347E6BEFE7AEC /* AppDelegate.swift in Sources */ = {isa = PBXBuildFile; fileRef = DFC006A3E87A49F591708377 /* AppDelegate.swift */; };
		DEE319620EB7459BBC7E7384 /* ClingBarApp.swift in Sources */ = {isa = PBXBuildFile; fileRef = 7C99E1ACD7804FEBBBCC1454 /* ClingBarApp.swift */; };
		119249E049E140048DFF0EC5 /* AppsPickerController.swift in Sources */ = {isa = PBXBuildFile; fileRef = F147D101D86D4D6AB365F695 /* AppsPickerController.swift */; };
		4AD06CA11659451FB297D15C /* ClingBarContentView.swift in Sources */ = {isa = PBXBuildFile; fileRef = 2B29FF69F95F48AA9E13ADB2 /* ClingBarContentView.swift */; };
		F60B3F04B8EC4808A839D2D2 /* ClingBarPanelController.swift in Sources */ = {isa = PBXBuildFile; fileRef = CC94E4670CB94DAF91475BA4 /* ClingBarPanelController.swift */; };
		B2A45B6976244C859FE49078 /* SwitcherController.swift in Sources */ = {isa = PBXBuildFile; fileRef = 024B2CA75718453FA4F45581 /* SwitcherController.swift */; };
		A7E8F9A0B1C24D3E5F607182 /* HelpPanelController.swift in Sources */ = {isa = PBXBuildFile; fileRef = B8C9D0E1F2A34B5C6D7E8F90 /* HelpPanelController.swift */; };
		E1F2A3B4C5D64E7F8091A2B3 /* AboutPanelController.swift in Sources */ = {isa = PBXBuildFile; fileRef = F2A3B4C5D6E74F8091A2B3C4 /* AboutPanelController.swift */; };
		60A0E13992C1483F9531C7AE /* Desk.swift in Sources */ = {isa = PBXBuildFile; fileRef = 669AB781C2A745A180E82E28 /* Desk.swift */; };
		E20B737A97D545949ACC8D7E /* DockEdge.swift in Sources */ = {isa = PBXBuildFile; fileRef = 1C9413EF4F484E37B8AD7947 /* DockEdge.swift */; };
		844F71D1CAFA4EF4AF7511FE /* PinnedApp.swift in Sources */ = {isa = PBXBuildFile; fileRef = 27625FEDD4164F799DF65B46 /* PinnedApp.swift */; };
		34BA586CA9E04BBF99DE6ED5 /* Place.swift in Sources */ = {isa = PBXBuildFile; fileRef = 92D5B3A198E44B43BB63A7AD /* Place.swift */; };
		FE523FEE8B83424184B46B28 /* SettingsStore.swift in Sources */ = {isa = PBXBuildFile; fileRef = E285098E07C64147A9D0B34C /* SettingsStore.swift */; };
		BA7AE0860B56417291EA754D /* AccessibilityPermission.swift in Sources */ = {isa = PBXBuildFile; fileRef = E32EC2E3CFDB447EA5B430D3 /* AccessibilityPermission.swift */; };
		BC00D7CFA9744696A6DF71F5 /* AppIconCache.swift in Sources */ = {isa = PBXBuildFile; fileRef = 9538571553094AE4A5AAEF5A /* AppIconCache.swift */; };
		C9D0E1F2A3B44C5D6E7F8091 /* SingleInstance.swift in Sources */ = {isa = PBXBuildFile; fileRef = D0E1F2A3B4C54D6E7F8091A2 /* SingleInstance.swift */; };
		8F3DE7BCC0BD4C86A0383CC1 /* AppCatalogService.swift in Sources */ = {isa = PBXBuildFile; fileRef = 04315691EC394AEB85831901 /* AppCatalogService.swift */; };
		21DA710B855849D09A1DD85E /* AppListService.swift in Sources */ = {isa = PBXBuildFile; fileRef = 976DD3F0A39C49D098E6278A /* AppListService.swift */; };
		4483D8BEC7A748AAB5FA71BA /* PlaceActivator.swift in Sources */ = {isa = PBXBuildFile; fileRef = 6E37CA548BAF4A3380B4515B /* PlaceActivator.swift */; };
		A61CB5318D6749E2B366AFA1 /* PlaceCapture.swift in Sources */ = {isa = PBXBuildFile; fileRef = EC2034697C184988B9C87EDD /* PlaceCapture.swift */; };
		35E225B6FCE94F2ABEB972F3 /* SpaceAwareActivator.swift in Sources */ = {isa = PBXBuildFile; fileRef = 9B710A40C3924DD3BA18CA77 /* SpaceAwareActivator.swift */; };
		85DDEA97C779468B9DEABA8A /* SpaceService.swift in Sources */ = {isa = PBXBuildFile; fileRef = 061FC3A7FAED4EA598E2B9E8 /* SpaceService.swift */; };
		B2C3D4E5F64789A0B1C2D3E4 /* SpaceTransition.swift in Sources */ = {isa = PBXBuildFile; fileRef = A1B2C3D4E5F64789A0B1C2D3 /* SpaceTransition.swift */; };
		76D8F657E0774B29AF618937 /* WindowInfo.swift in Sources */ = {isa = PBXBuildFile; fileRef = D15CFABF882A440AACBA7296 /* WindowInfo.swift */; };
		D2B3C4D5E64789A0B1C2E3F4 /* AppIcon.icns in Resources */ = {isa = PBXBuildFile; fileRef = C1A2B3C4D5E64789A0B1C2E3 /* AppIcon.icns */; };
/* End PBXBuildFile section */

/* Begin PBXFileReference section */
		BBE65FE75FF84E25B2BCD83E /* ClingBar.app */ = {isa = PBXFileReference; explicitFileType = wrapper.application; includeInIndex = 0; path = ClingBar.app; sourceTree = BUILT_PRODUCTS_DIR; };
		82F3BD5898C94F8989015D8E /* Info.plist */ = {isa = PBXFileReference; lastKnownFileType = text.plist.xml; path = Info.plist; sourceTree = "<group>"; };
		C4DA90F38AE843D893010339 /* ClingBar.entitlements */ = {isa = PBXFileReference; lastKnownFileType = text.plist.entitlements; path = ClingBar.entitlements; sourceTree = "<group>"; };
		DFC006A3E87A49F591708377 /* AppDelegate.swift */ = {isa = PBXFileReference; lastKnownFileType = sourcecode.swift; path = AppDelegate.swift; sourceTree = "<group>"; };
		7C99E1ACD7804FEBBBCC1454 /* ClingBarApp.swift */ = {isa = PBXFileReference; lastKnownFileType = sourcecode.swift; path = ClingBarApp.swift; sourceTree = "<group>"; };
		F147D101D86D4D6AB365F695 /* AppsPickerController.swift */ = {isa = PBXFileReference; lastKnownFileType = sourcecode.swift; path = AppsPickerController.swift; sourceTree = "<group>"; };
		2B29FF69F95F48AA9E13ADB2 /* ClingBarContentView.swift */ = {isa = PBXFileReference; lastKnownFileType = sourcecode.swift; path = ClingBarContentView.swift; sourceTree = "<group>"; };
		CC94E4670CB94DAF91475BA4 /* ClingBarPanelController.swift */ = {isa = PBXFileReference; lastKnownFileType = sourcecode.swift; path = ClingBarPanelController.swift; sourceTree = "<group>"; };
		024B2CA75718453FA4F45581 /* SwitcherController.swift */ = {isa = PBXFileReference; lastKnownFileType = sourcecode.swift; path = SwitcherController.swift; sourceTree = "<group>"; };
		B8C9D0E1F2A34B5C6D7E8F90 /* HelpPanelController.swift */ = {isa = PBXFileReference; lastKnownFileType = sourcecode.swift; path = HelpPanelController.swift; sourceTree = "<group>"; };
		F2A3B4C5D6E74F8091A2B3C4 /* AboutPanelController.swift */ = {isa = PBXFileReference; lastKnownFileType = sourcecode.swift; path = AboutPanelController.swift; sourceTree = "<group>"; };
		669AB781C2A745A180E82E28 /* Desk.swift */ = {isa = PBXFileReference; lastKnownFileType = sourcecode.swift; path = Desk.swift; sourceTree = "<group>"; };
		1C9413EF4F484E37B8AD7947 /* DockEdge.swift */ = {isa = PBXFileReference; lastKnownFileType = sourcecode.swift; path = DockEdge.swift; sourceTree = "<group>"; };
		27625FEDD4164F799DF65B46 /* PinnedApp.swift */ = {isa = PBXFileReference; lastKnownFileType = sourcecode.swift; path = PinnedApp.swift; sourceTree = "<group>"; };
		92D5B3A198E44B43BB63A7AD /* Place.swift */ = {isa = PBXFileReference; lastKnownFileType = sourcecode.swift; path = Place.swift; sourceTree = "<group>"; };
		E285098E07C64147A9D0B34C /* SettingsStore.swift */ = {isa = PBXFileReference; lastKnownFileType = sourcecode.swift; path = SettingsStore.swift; sourceTree = "<group>"; };
		E32EC2E3CFDB447EA5B430D3 /* AccessibilityPermission.swift */ = {isa = PBXFileReference; lastKnownFileType = sourcecode.swift; path = AccessibilityPermission.swift; sourceTree = "<group>"; };
		9538571553094AE4A5AAEF5A /* AppIconCache.swift */ = {isa = PBXFileReference; lastKnownFileType = sourcecode.swift; path = AppIconCache.swift; sourceTree = "<group>"; };
		D0E1F2A3B4C54D6E7F8091A2 /* SingleInstance.swift */ = {isa = PBXFileReference; lastKnownFileType = sourcecode.swift; path = SingleInstance.swift; sourceTree = "<group>"; };
		04315691EC394AEB85831901 /* AppCatalogService.swift */ = {isa = PBXFileReference; lastKnownFileType = sourcecode.swift; path = AppCatalogService.swift; sourceTree = "<group>"; };
		976DD3F0A39C49D098E6278A /* AppListService.swift */ = {isa = PBXFileReference; lastKnownFileType = sourcecode.swift; path = AppListService.swift; sourceTree = "<group>"; };
		6E37CA548BAF4A3380B4515B /* PlaceActivator.swift */ = {isa = PBXFileReference; lastKnownFileType = sourcecode.swift; path = PlaceActivator.swift; sourceTree = "<group>"; };
		EC2034697C184988B9C87EDD /* PlaceCapture.swift */ = {isa = PBXFileReference; lastKnownFileType = sourcecode.swift; path = PlaceCapture.swift; sourceTree = "<group>"; };
		9B710A40C3924DD3BA18CA77 /* SpaceAwareActivator.swift */ = {isa = PBXFileReference; lastKnownFileType = sourcecode.swift; path = SpaceAwareActivator.swift; sourceTree = "<group>"; };
		061FC3A7FAED4EA598E2B9E8 /* SpaceService.swift */ = {isa = PBXFileReference; lastKnownFileType = sourcecode.swift; path = SpaceService.swift; sourceTree = "<group>"; };
		A1B2C3D4E5F64789A0B1C2D3 /* SpaceTransition.swift */ = {isa = PBXFileReference; lastKnownFileType = sourcecode.swift; path = SpaceTransition.swift; sourceTree = "<group>"; };
		D15CFABF882A440AACBA7296 /* WindowInfo.swift */ = {isa = PBXFileReference; lastKnownFileType = sourcecode.swift; path = WindowInfo.swift; sourceTree = "<group>"; };
		C1A2B3C4D5E64789A0B1C2E3 /* AppIcon.icns */ = {isa = PBXFileReference; lastKnownFileType = image.icns; path = AppIcon.icns; sourceTree = "<group>"; };
/* End PBXFileReference section */

/* Begin PBXGroup section */
		FC3B9C1910B643BC873868E1 = {isa = PBXGroup; children = (8118C7E6607449BA97692B59 /* ClingBar */, D0137ECC73D44B3AA2608E58 /* Products */,); sourceTree = "<group>"; };
		D0137ECC73D44B3AA2608E58 /* Products */ = {isa = PBXGroup; children = (BBE65FE75FF84E25B2BCD83E /* ClingBar.app */,); name = Products; sourceTree = "<group>"; };
		8118C7E6607449BA97692B59 /* ClingBar */ = {isa = PBXGroup; children = (DF944796AB3D431F920F0A4B /* Sources */, E3C4D5E64789A0B1C2E3F4A5 /* Resources */, 82F3BD5898C94F8989015D8E /* Info.plist */, C4DA90F38AE843D893010339 /* ClingBar.entitlements */,); path = ClingBar; sourceTree = "<group>"; };
		E3C4D5E64789A0B1C2E3F4A5 /* Resources */ = {isa = PBXGroup; children = (C1A2B3C4D5E64789A0B1C2E3 /* AppIcon.icns */,); path = Resources; sourceTree = "<group>"; };
		DF944796AB3D431F920F0A4B /* Sources */ = {isa = PBXGroup; children = (DFC006A3E87A49F591708377 /* AppDelegate.swift */,7C99E1ACD7804FEBBBCC1454 /* ClingBarApp.swift */,3009D3D941104CF9BC61EB2D /* Models */,62E9EA0A7E104B36ACFF0524 /* Services */,D4D2F0F2908049A28AA6EAA8 /* UI */,5E59B94877E9469192492F21 /* Utilities */,); path = Sources; sourceTree = "<group>"; };
		3009D3D941104CF9BC61EB2D /* Models */ = {isa = PBXGroup; children = (669AB781C2A745A180E82E28 /* Desk.swift */,1C9413EF4F484E37B8AD7947 /* DockEdge.swift */,27625FEDD4164F799DF65B46 /* PinnedApp.swift */,92D5B3A198E44B43BB63A7AD /* Place.swift */,E285098E07C64147A9D0B34C /* SettingsStore.swift */,); path = Models; sourceTree = "<group>"; };
		62E9EA0A7E104B36ACFF0524 /* Services */ = {isa = PBXGroup; children = (04315691EC394AEB85831901 /* AppCatalogService.swift */,976DD3F0A39C49D098E6278A /* AppListService.swift */,6E37CA548BAF4A3380B4515B /* PlaceActivator.swift */,EC2034697C184988B9C87EDD /* PlaceCapture.swift */,9B710A40C3924DD3BA18CA77 /* SpaceAwareActivator.swift */,061FC3A7FAED4EA598E2B9E8 /* SpaceService.swift */,
				A1B2C3D4E5F64789A0B1C2D3 /* SpaceTransition.swift */,D15CFABF882A440AACBA7296 /* WindowInfo.swift */,); path = Services; sourceTree = "<group>"; };
		D4D2F0F2908049A28AA6EAA8 /* UI */ = {isa = PBXGroup; children = (F147D101D86D4D6AB365F695 /* AppsPickerController.swift */,F2A3B4C5D6E74F8091A2B3C4 /* AboutPanelController.swift */,2B29FF69F95F48AA9E13ADB2 /* ClingBarContentView.swift */,CC94E4670CB94DAF91475BA4 /* ClingBarPanelController.swift */,B8C9D0E1F2A34B5C6D7E8F90 /* HelpPanelController.swift */,024B2CA75718453FA4F45581 /* SwitcherController.swift */,); path = UI; sourceTree = "<group>"; };
		5E59B94877E9469192492F21 /* Utilities */ = {isa = PBXGroup; children = (E32EC2E3CFDB447EA5B430D3 /* AccessibilityPermission.swift */,9538571553094AE4A5AAEF5A /* AppIconCache.swift */,D0E1F2A3B4C54D6E7F8091A2 /* SingleInstance.swift */,); path = Utilities; sourceTree = "<group>"; };
/* End PBXGroup section */

/* Begin PBXNativeTarget section */
		3F41A0B21A294C409008956D /* ClingBar */ = {isa = PBXNativeTarget; buildConfigurationList = 4C99B2056AE64503BC9C21A2; buildPhases = (54ED486590864DDA81953186 /* Sources */, F9F85E59BEFF4FD782CCD8B8 /* Frameworks */, DA5346CDB6324D0FB482DA20 /* Resources */,); buildRules = (); dependencies = (); name = ClingBar; productName = ClingBar; productReference = BBE65FE75FF84E25B2BCD83E; productType = "com.apple.product-type.application"; };
/* End PBXNativeTarget section */

/* Begin PBXProject section */
		9ADC6EC80F6A479D921D72CF /* Project object */ = {isa = PBXProject; attributes = {BuildIndependentTargetsInParallel = 1; LastSwiftUpdateCheck = 2600; LastUpgradeCheck = 2600;}; buildConfigurationList = A621E83026F04763842C35AB; compatibilityVersion = "Xcode 14.0"; developmentRegion = en; hasScannedForEncodings = 0; knownRegions = (en, Base,); mainGroup = FC3B9C1910B643BC873868E1; productRefGroup = D0137ECC73D44B3AA2608E58; projectDirPath = ""; projectRoot = ""; targets = (3F41A0B21A294C409008956D /* ClingBar */,); };
/* End PBXProject section */

/* Begin PBXSourcesBuildPhase section */
		54ED486590864DDA81953186 /* Sources */ = {isa = PBXSourcesBuildPhase; buildActionMask = 2147483647; files = (F6CE1813A37347E6BEFE7AEC /* AppDelegate.swift in Sources */,DEE319620EB7459BBC7E7384 /* ClingBarApp.swift in Sources */,119249E049E140048DFF0EC5 /* AppsPickerController.swift in Sources */,4AD06CA11659451FB297D15C /* ClingBarContentView.swift in Sources */,F60B3F04B8EC4808A839D2D2 /* ClingBarPanelController.swift in Sources */,B2A45B6976244C859FE49078 /* SwitcherController.swift in Sources */,A7E8F9A0B1C24D3E5F607182 /* HelpPanelController.swift in Sources */,E1F2A3B4C5D64E7F8091A2B3 /* AboutPanelController.swift in Sources */,60A0E13992C1483F9531C7AE /* Desk.swift in Sources */,E20B737A97D545949ACC8D7E /* DockEdge.swift in Sources */,844F71D1CAFA4EF4AF7511FE /* PinnedApp.swift in Sources */,34BA586CA9E04BBF99DE6ED5 /* Place.swift in Sources */,FE523FEE8B83424184B46B28 /* SettingsStore.swift in Sources */,BA7AE0860B56417291EA754D /* AccessibilityPermission.swift in Sources */,BC00D7CFA9744696A6DF71F5 /* AppIconCache.swift in Sources */,C9D0E1F2A3B44C5D6E7F8091 /* SingleInstance.swift in Sources */,8F3DE7BCC0BD4C86A0383CC1 /* AppCatalogService.swift in Sources */,21DA710B855849D09A1DD85E /* AppListService.swift in Sources */,4483D8BEC7A748AAB5FA71BA /* PlaceActivator.swift in Sources */,A61CB5318D6749E2B366AFA1 /* PlaceCapture.swift in Sources */,35E225B6FCE94F2ABEB972F3 /* SpaceAwareActivator.swift in Sources */,85DDEA97C779468B9DEABA8A /* SpaceService.swift in Sources */,
				B2C3D4E5F64789A0B1C2D3E4 /* SpaceTransition.swift in Sources */,76D8F657E0774B29AF618937 /* WindowInfo.swift in Sources */,); runOnlyForDeploymentPostprocessing = 0; };
/* End PBXSourcesBuildPhase section */

/* Begin PBXFrameworksBuildPhase section */
		F9F85E59BEFF4FD782CCD8B8 /* Frameworks */ = {isa = PBXFrameworksBuildPhase; buildActionMask = 2147483647; files = (); runOnlyForDeploymentPostprocessing = 0; };
/* End PBXFrameworksBuildPhase section */

/* Begin PBXResourcesBuildPhase section */
		DA5346CDB6324D0FB482DA20 /* Resources */ = {isa = PBXResourcesBuildPhase; buildActionMask = 2147483647; files = (D2B3C4D5E64789A0B1C2E3F4 /* AppIcon.icns in Resources */,); runOnlyForDeploymentPostprocessing = 0; };
/* End PBXResourcesBuildPhase section */

/* Begin XCBuildConfiguration section */
		6C485862BDCA4771BE6DAD5B /* Debug */ = {isa = XCBuildConfiguration; buildSettings = {ALWAYS_SEARCH_USER_PATHS = NO; CLANG_ENABLE_MODULES = YES; CLANG_ENABLE_OBJC_ARC = YES; COPY_PHASE_STRIP = NO; MACOSX_DEPLOYMENT_TARGET = 14.0; SDKROOT = macosx; SWIFT_OPTIMIZATION_LEVEL = "-Onone"; }; name = Debug; };
		909155047B7A4B2D8CA22C41 /* Release */ = {isa = XCBuildConfiguration; buildSettings = {ALWAYS_SEARCH_USER_PATHS = NO; CLANG_ENABLE_MODULES = YES; CLANG_ENABLE_OBJC_ARC = YES; COPY_PHASE_STRIP = NO; MACOSX_DEPLOYMENT_TARGET = 14.0; SDKROOT = macosx; SWIFT_OPTIMIZATION_LEVEL = "-O"; }; name = Release; };
		3B4F291D915343BF8700CFEF /* Debug */ = {isa = XCBuildConfiguration; buildSettings = {CODE_SIGN_ENTITLEMENTS = ClingBar/ClingBar.entitlements; CODE_SIGN_IDENTITY = "-"; CODE_SIGN_STYLE = Automatic; COMBINE_HIDPI_IMAGES = YES; CURRENT_PROJECT_VERSION = 1; ENABLE_HARDENED_RUNTIME = YES; GENERATE_INFOPLIST_FILE = NO; INFOPLIST_FILE = ClingBar/Info.plist; LD_RUNPATH_SEARCH_PATHS = ("$(inherited)", "@executable_path/../Frameworks",); MACOSX_DEPLOYMENT_TARGET = 14.0; MARKETING_VERSION = 0.2.0; PRODUCT_BUNDLE_IDENTIFIER = app.clingbar.ClingBar; PRODUCT_NAME = "$(TARGET_NAME)"; SWIFT_VERSION = 5.0; }; name = Debug; };
		26254C99CCFB4D379E767C96 /* Release */ = {isa = XCBuildConfiguration; buildSettings = {CODE_SIGN_ENTITLEMENTS = ClingBar/ClingBar.entitlements; CODE_SIGN_IDENTITY = "-"; CODE_SIGN_STYLE = Automatic; COMBINE_HIDPI_IMAGES = YES; CURRENT_PROJECT_VERSION = 1; ENABLE_HARDENED_RUNTIME = YES; GENERATE_INFOPLIST_FILE = NO; INFOPLIST_FILE = ClingBar/Info.plist; LD_RUNPATH_SEARCH_PATHS = ("$(inherited)", "@executable_path/../Frameworks",); MACOSX_DEPLOYMENT_TARGET = 14.0; MARKETING_VERSION = 0.2.0; PRODUCT_BUNDLE_IDENTIFIER = app.clingbar.ClingBar; PRODUCT_NAME = "$(TARGET_NAME)"; SWIFT_VERSION = 5.0; }; name = Release; };
/* End XCBuildConfiguration section */

/* Begin XCConfigurationList section */
		A621E83026F04763842C35AB /* Build configuration list for PBXProject "ClingBar" */ = {isa = XCConfigurationList; buildConfigurations = (6C485862BDCA4771BE6DAD5B /* Debug */, 909155047B7A4B2D8CA22C41 /* Release */,); defaultConfigurationIsVisible = 0; defaultConfigurationName = Release; };
		4C99B2056AE64503BC9C21A2 /* Build configuration list for PBXNativeTarget "ClingBar" */ = {isa = XCConfigurationList; buildConfigurations = (3B4F291D915343BF8700CFEF /* Debug */, 26254C99CCFB4D379E767C96 /* Release */,); defaultConfigurationIsVisible = 0; defaultConfigurationName = Release; };
/* End XCConfigurationList section */
	};
	rootObject = 9ADC6EC80F6A479D921D72CF /* Project object */;
}
